
Microsoft Visual Studio Solution File, Format Version 12.00
# Visual Studio Version 18
VisualStudioVersion = 18.3.11505.172
MinimumVisualStudioVersion = 10.0.40219.1
Project("{FAE04EC0-301F-11D3-BF4B-00C04F79EFBC}") = "SilverAssertions", "src\SilverAssertions\SilverAssertions.csproj", "{AF959D1B-E9F9-4C04-AA47-56CE68B7BF12}"
EndProject
Project("{2150E333-8FDC-42A3-9474-1A3956D46DE8}") = "Tests", "Tests", "{A5B6F5CE-A231-448B-9D94-D58753ABACA2}"
EndProject
Project("{FAE04EC0-301F-11D3-BF4B-00C04F79EFBC}") = "TestAssemblyA", "tests\TestAssemblyA\TestAssemblyA.csproj", "{B8F11B35-5022-4336-B17C-A8863D60E2B2}"
EndProject
Project("{FAE04EC0-301F-11D3-BF4B-00C04F79EFBC}") = "TestAssemblyB", "tests\TestAssemblyB\TestAssemblyB.csproj", "{56AC1828-3F31-418C-A5BB-E60D7059A13C}"
EndProject
Project("{FAE04EC0-301F-11D3-BF4B-00C04F79EFBC}") = "SilverAssertions.Tests", "tests\SilverAssertions.Tests\SilverAssertions.Tests.csproj", "{A125906C-6B8B-4B69-9215-28FB6A5B6E26}"
EndProject
Project("{2150E333-8FDC-42A3-9474-1A3956D46DE8}") = "TestFrameworks", "TestFrameworks", "{532D9860-D702-4A05-8F9F-4BF115A9316B}"
EndProject
Project("{FAE04EC0-301F-11D3-BF4B-00C04F79EFBC}") = "MSpec.Tests", "tests\TestFrameworks\MSpec.Tests\MSpec.Tests.csproj", "{B68A184F-493A-4C60-A47B-BECE7583675E}"
EndProject
Project("{FAE04EC0-301F-11D3-BF4B-00C04F79EFBC}") = "MSTestV4.Tests", "tests\TestFrameworks\MSTestV4.Tests\MSTestV4.Tests.csproj", "{C5302F01-3A1E-44F3-A42D-DC546BD35C56}"
EndProject
Project("{FAE04EC0-301F-11D3-BF4B-00C04F79EFBC}") = "NUnit4.Tests", "tests\TestFrameworks\NUnit4.Tests\NUnit4.Tests.csproj", "{8D694F85-DE76-4421-AF8F-D06389CCF11C}"
EndProject
Project("{FAE04EC0-301F-11D3-BF4B-00C04F79EFBC}") = "XUnit3.Tests", "tests\TestFrameworks\XUnit3.Tests\XUnit3.Tests.csproj", "{DD021B60-6B5A-4629-A107-0F3E419380E1}"
EndProject
Project("{FAE04EC0-301F-11D3-BF4B-00C04F79EFBC}") = "SilverAssertions.Equivalency.Tests", "tests\SilverAssertions.Equivalency.Tests\SilverAssertions.Equivalency.Tests.csproj", "{A8E13F49-48F8-4E9C-BC07-F4C35BBCD8A1}"
EndProject
Project("{2150E333-8FDC-42A3-9474-1A3956D46DE8}") = "Libs", "Libs", "{03EA33A0-4E32-40A4-A5DA-31E18C59BBD8}"
EndProject
Project("{2150E333-8FDC-42A3-9474-1A3956D46DE8}") = "Reflectify", "Reflectify", "{CF5B66A9-1A4C-45D3-ABD7-5E99F8F0E240}"
EndProject
Project("{FAE04EC0-301F-11D3-BF4B-00C04F79EFBC}") = "DennisDoomen.Reflectify", "libs\Reflectify\DennisDoomen.Reflectify\DennisDoomen.Reflectify.csproj", "{190DB919-7811-4166-8592-AE42861511BE}"
EndProject
Project("{FAE04EC0-301F-11D3-BF4B-00C04F79EFBC}") = "DennisDoomen.Reflectify.Tests", "libs\Reflectify\DennisDoomen.Reflectify.Tests\DennisDoomen.Reflectify.Tests.csproj", "{7FBCF873-7740-4B1A-8D74-D4C93F260514}"
EndProject
Project("{2150E333-8FDC-42A3-9474-1A3956D46DE8}") = "ChillBdd", "ChillBdd", "{8CC9CF10-5E3B-48AB-A3F7-640E4C986A77}"
EndProject
Project("{FAE04EC0-301F-11D3-BF4B-00C04F79EFBC}") = "DennisDoomen.ChillBdd", "libs\ChillBdd\DennisDoomen.ChillBdd\DennisDoomen.ChillBdd.csproj", "{CD2F1624-26D5-4560-9EB4-EE6B9EEA4FC1}"
EndProject
Project("{FAE04EC0-301F-11D3-BF4B-00C04F79EFBC}") = "DennisDoomen.ChillBdd.Tests", "libs\ChillBdd\DennisDoomen.ChillBdd.Tests\DennisDoomen.ChillBdd.Tests.csproj", "{98500E95-BAE8-4940-96FE-0765B451F774}"
EndProject
Project("{2150E333-8FDC-42A3-9474-1A3956D46DE8}") = "Solution Items", "Solution Items", "{8B8CD97F-B78E-4C17-8534-E63282D2F198}"
	ProjectSection(SolutionItems) = preProject
		.gitignore = .gitignore
		icon-codebrix-128.png = icon-codebrix-128.png
		LICENSE = LICENSE
		README.md = README.md
		THIRD-PARTY-NOTICES.txt = THIRD-PARTY-NOTICES.txt
	EndProjectSection
EndProject
Global
	GlobalSection(SolutionConfigurationPlatforms) = preSolution
		Debug|Any CPU = Debug|Any CPU
		Release|Any CPU = Release|Any CPU
	EndGlobalSection
	GlobalSection(ProjectConfigurationPlatforms) = postSolution
		{AF959D1B-E9F9-4C04-AA47-56CE68B7BF12}.Debug|Any CPU.ActiveCfg = Debug|Any CPU
		{AF959D1B-E9F9-4C04-AA47-56CE68B7BF12}.Debug|Any CPU.Build.0 = Debug|Any CPU
		{AF959D1B-E9F9-4C04-AA47-56CE68B7BF12}.Release|Any CPU.ActiveCfg = Release|Any CPU
		{AF959D1B-E9F9-4C04-AA47-56CE68B7BF12}.Release|Any CPU.Build.0 = Release|Any CPU
		{B8F11B35-5022-4336-B17C-A8863D60E2B2}.Debug|Any CPU.ActiveCfg = Debug|Any CPU
		{B8F11B35-5022-4336-B17C-A8863D60E2B2}.Debug|Any CPU.Build.0 = Debug|Any CPU
		{B8F11B35-5022-4336-B17C-A8863D60E2B2}.Release|Any CPU.ActiveCfg = Release|Any CPU
		{B8F11B35-5022-4336-B17C-A8863D60E2B2}.Release|Any CPU.Build.0 = Release|Any CPU
		{56AC1828-3F31-418C-A5BB-E60D7059A13C}.Debug|Any CPU.ActiveCfg = Debug|Any CPU
		{56AC1828-3F31-418C-A5BB-E60D7059A13C}.Debug|Any CPU.Build.0 = Debug|Any CPU
		{56AC1828-3F31-418C-A5BB-E60D7059A13C}.Release|Any CPU.ActiveCfg = Release|Any CPU
		{56AC1828-3F31-418C-A5BB-E60D7059A13C}.Release|Any CPU.Build.0 = Release|Any CPU
		{A125906C-6B8B-4B69-9215-28FB6A5B6E26}.Debug|Any CPU.ActiveCfg = Debug|Any CPU
		{A125906C-6B8B-4B69-9215-28FB6A5B6E26}.Debug|Any CPU.Build.0 = Debug|Any CPU
		{A125906C-6B8B-4B69-9215-28FB6A5B6E26}.Release|Any CPU.ActiveCfg = Release|Any CPU
		{A125906C-6B8B-4B69-9215-28FB6A5B6E26}.Release|Any CPU.Build.0 = Release|Any CPU
		{B68A184F-493A-4C60-A47B-BECE7583675E}.Debug|Any CPU.ActiveCfg = Debug|Any CPU
		{B68A184F-493A-4C60-A47B-BECE7583675E}.Debug|Any CPU.Build.0 = Debug|Any CPU
		{B68A184F-493A-4C60-A47B-BECE7583675E}.Release|Any CPU.ActiveCfg = Release|Any CPU
		{B68A184F-493A-4C60-A47B-BECE7583675E}.Release|Any CPU.Build.0 = Release|Any CPU
		{C5302F01-3A1E-44F3-A42D-DC546BD35C56}.Debug|Any CPU.ActiveCfg = Debug|Any CPU
		{C5302F01-3A1E-44F3-A42D-DC546BD35C56}.Debug|Any CPU.Build.0 = Debug|Any CPU
		{C5302F01-3A1E-44F3-A42D-DC546BD35C56}.Release|Any CPU.ActiveCfg = Release|Any CPU
		{C5302F01-3A1E-44F3-A42D-DC546BD35C56}.Release|Any CPU.Build.0 = Release|Any CPU
		{8D694F85-DE76-4421-AF8F-D06389CCF11C}.Debug|Any CPU.ActiveCfg = Debug|Any CPU
		{8D694F85-DE76-4421-AF8F-D06389CCF11C}.Debug|Any CPU.Build.0 = Debug|Any CPU
		{8D694F85-DE76-4421-AF8F-D06389CCF11C}.Release|Any CPU.ActiveCfg = Release|Any CPU
		{8D694F85-DE76-4421-AF8F-D06389CCF11C}.Release|Any CPU.Build.0 = Release|Any CPU
		{DD021B60-6B5A-4629-A107-0F3E419380E1}.Debug|Any CPU.ActiveCfg = Debug|Any CPU
		{DD021B60-6B5A-4629-A107-0F3E419380E1}.Debug|Any CPU.Build.0 = Debug|Any CPU
		{DD021B60-6B5A-4629-A107-0F3E419380E1}.Release|Any CPU.ActiveCfg = Release|Any CPU
		{DD021B60-6B5A-4629-A107-0F3E419380E1}.Release|Any CPU.Build.0 = Release|Any CPU
		{A8E13F49-48F8-4E9C-BC07-F4C35BBCD8A1}.Debug|Any CPU.ActiveCfg = Debug|Any CPU
		{A8E13F49-48F8-4E9C-BC07-F4C35BBCD8A1}.Debug|Any CPU.Build.0 = Debug|Any CPU
		{A8E13F49-48F8-4E9C-BC07-F4C35BBCD8A1}.Release|Any CPU.ActiveCfg = Release|Any CPU
		{A8E13F49-48F8-4E9C-BC07-F4C35BBCD8A1}.Release|Any CPU.Build.0 = Release|Any CPU
		{190DB919-7811-4166-8592-AE42861511BE}.Debug|Any CPU.ActiveCfg = Debug|Any CPU
		{190DB919-7811-4166-8592-AE42861511BE}.Debug|Any CPU.Build.0 = Debug|Any CPU
		{190DB919-7811-4166-8592-AE42861511BE}.Release|Any CPU.ActiveCfg = Release|Any CPU
		{190DB919-7811-4166-8592-AE42861511BE}.Release|Any CPU.Build.0 = Release|Any CPU
		{7FBCF873-7740-4B1A-8D74-D4C93F260514}.Debug|Any CPU.ActiveCfg = Debug|Any CPU
		{7FBCF873-7740-4B1A-8D74-D4C93F260514}.Debug|Any CPU.Build.0 = Debug|Any CPU
		{7FBCF873-7740-4B1A-8D74-D4C93F260514}.Release|Any CPU.ActiveCfg = Release|Any CPU
		{7FBCF873-7740-4B1A-8D74-D4C93F260514}.Release|Any CPU.Build.0 = Release|Any CPU
		{CD2F1624-26D5-4560-9EB4-EE6B9EEA4FC1}.Debug|Any CPU.ActiveCfg = Debug|Any CPU
		{CD2F1624-26D5-4560-9EB4-EE6B9EEA4FC1}.Debug|Any CPU.Build.0 = Debug|Any CPU
		{CD2F1624-26D5-4560-9EB4-EE6B9EEA4FC1}.Release|Any CPU.ActiveCfg = Release|Any CPU
		{CD2F1624-26D5-4560-9EB4-EE6B9EEA4FC1}.Release|Any CPU.Build.0 = Release|Any CPU
		{98500E95-BAE8-4940-96FE-0765B451F774}.Debug|Any CPU.ActiveCfg = Debug|Any CPU
		{98500E95-BAE8-4940-96FE-0765B451F774}.Debug|Any CPU.Build.0 = Debug|Any CPU
		{98500E95-BAE8-4940-96FE-0765B451F774}.Release|Any CPU.ActiveCfg = Release|Any CPU
		{98500E95-BAE8-4940-96FE-0765B451F774}.Release|Any CPU.Build.0 = Release|Any CPU
	EndGlobalSection
	GlobalSection(SolutionProperties) = preSolution
		HideSolutionNode = FALSE
	EndGlobalSection
	GlobalSection(NestedProjects) = preSolution
		{B8F11B35-5022-4336-B17C-A8863D60E2B2} = {A5B6F5CE-A231-448B-9D94-D58753ABACA2}
		{56AC1828-3F31-418C-A5BB-E60D7059A13C} = {A5B6F5CE-A231-448B-9D94-D58753ABACA2}
		{A125906C-6B8B-4B69-9215-28FB6A5B6E26} = {A5B6F5CE-A231-448B-9D94-D58753ABACA2}
		{B68A184F-493A-4C60-A47B-BECE7583675E} = {532D9860-D702-4A05-8F9F-4BF115A9316B}
		{C5302F01-3A1E-44F3-A42D-DC546BD35C56} = {532D9860-D702-4A05-8F9F-4BF115A9316B}
		{8D694F85-DE76-4421-AF8F-D06389CCF11C} = {532D9860-D702-4A05-8F9F-4BF115A9316B}
		{DD021B60-6B5A-4629-A107-0F3E419380E1} = {532D9860-D702-4A05-8F9F-4BF115A9316B}
		{A8E13F49-48F8-4E9C-BC07-F4C35BBCD8A1} = {A5B6F5CE-A231-448B-9D94-D58753ABACA2}
		{CF5B66A9-1A4C-45D3-ABD7-5E99F8F0E240} = {03EA33A0-4E32-40A4-A5DA-31E18C59BBD8}
		{190DB919-7811-4166-8592-AE42861511BE} = {CF5B66A9-1A4C-45D3-ABD7-5E99F8F0E240}
		{7FBCF873-7740-4B1A-8D74-D4C93F260514} = {CF5B66A9-1A4C-45D3-ABD7-5E99F8F0E240}
		{8CC9CF10-5E3B-48AB-A3F7-640E4C986A77} = {03EA33A0-4E32-40A4-A5DA-31E18C59BBD8}
		{CD2F1624-26D5-4560-9EB4-EE6B9EEA4FC1} = {8CC9CF10-5E3B-48AB-A3F7-640E4C986A77}
		{98500E95-BAE8-4940-96FE-0765B451F774} = {8CC9CF10-5E3B-48AB-A3F7-640E4C986A77}
	EndGlobalSection
	GlobalSection(ExtensibilityGlobals) = postSolution
		SolutionGuid = {F86AE326-0B1B-46BD-AE22-EA541F787776}
	EndGlobalSection
EndGlobal
